
Microsoft Visual Studio Solution File, Format Version 12.00
# Visual Studio Version 16
VisualStudioVersion = 16.0.31424.327
MinimumVisualStudioVersion = 10.0.40219.1
Project("{9A19103F-16F7-4668-BE54-9A1E7A4F7556}") = "ArticleApp.API", "ArticleApp.API\ArticleApp.API.csproj", "{D4A0A665-BFF0-459A-B268-DA6F33A73C1D}"
EndProject
Project("{2150E333-8FDC-42A3-9474-1A3956D46DE8}") = "Solution Items", "Solution Items", "{118A26F9-C1D8-4740-9C82-3CD568B97FE9}"
	ProjectSection(SolutionItems) = preProject
		.gitignore = .gitignore
	EndProjectSection
EndProject
Project("{2150E333-8FDC-42A3-9474-1A3956D46DE8}") = "SQL", "SQL", "{16954808-DF79-4BAA-8E7D-293E4D6A591A}"
	ProjectSection(SolutionItems) = preProject
		SQL\Create_Dummy_Data_Articles.sql = SQL\Create_Dummy_Data_Articles.sql
	EndProjectSection
EndProject
Project("{9A19103F-16F7-4668-BE54-9A1E7A4F7556}") = "ArticleApp.MVC", "ArticleApp.MVC\ArticleApp.MVC.csproj", "{D084202F-513D-4C4B-9463-14AFCD11FF05}"
EndProject
Global
	GlobalSection(SolutionConfigurationPlatforms) = preSolution
		Debug|Any CPU = Debug|Any CPU
		Release|Any CPU = Release|Any CPU
	EndGlobalSection
	GlobalSection(ProjectConfigurationPlatforms) = postSolution
		{D4A0A665-BFF0-459A-B268-DA6F33A73C1D}.Debug|Any CPU.ActiveCfg = Debug|Any CPU
		{D4A0A665-BFF0-459A-B268-DA6F33A73C1D}.Debug|Any CPU.Build.0 = Debug|Any CPU
		{D4A0A665-BFF0-459A-B268-DA6F33A73C1D}.Release|Any CPU.ActiveCfg = Release|Any CPU
		{D4A0A665-BFF0-459A-B268-DA6F33A73C1D}.Release|Any CPU.Build.0 = Release|Any CPU
		{D084202F-513D-4C4B-9463-14AFCD11FF05}.Debug|Any CPU.ActiveCfg = Debug|Any CPU
		{D084202F-513D-4C4B-9463-14AFCD11FF05}.Debug|Any CPU.Build.0 = Debug|Any CPU
		{D084202F-513D-4C4B-9463-14AFCD11FF05}.Release|Any CPU.ActiveCfg = Release|Any CPU
		{D084202F-513D-4C4B-9463-14AFCD11FF05}.Release|Any CPU.Build.0 = Release|Any CPU
	EndGlobalSection
	GlobalSection(SolutionProperties) = preSolution
		HideSolutionNode = FALSE
	EndGlobalSection
	GlobalSection(ExtensibilityGlobals) = postSolution
		SolutionGuid = {BFDEB809-37D3-49F2-8E9D-753562A48890}
	EndGlobalSection
EndGlobal
